
Microsoft Visual Studio Solution File, Format Version 12.00
# Visual Studio Version 17
VisualStudioVersion = 17.7.34302.85
MinimumVisualStudioVersion = 10.0.40219.1
Project("{FAE04EC0-301F-11D3-BF4B-00C04F79EFBC}") = "ClientServerObj", "..\Xview\ClientServerObj\ClientServerObj.csproj", "{CC51157A-C204-49CA-BEC0-19283CD6CC8D}"
EndProject
Project("{FAE04EC0-301F-11D3-BF4B-00C04F79EFBC}") = "Common", "..\Xview\Common\Common.csproj", "{42F95670-B90F-4693-A29D-3247AAC01138}"
EndProject
Project("{FAE04EC0-301F-11D3-BF4B-00C04F79EFBC}") = "ControllerService", "..\Xview\ControllerService\ControllerService.csproj", "{F04EF78A-477E-4AC3-BA84-240B1E7AC5D9}"
EndProject
Project("{FAE04EC0-301F-11D3-BF4B-00C04F79EFBC}") = "ControllerWCF", "..\Xview\ControllerWCF\ControllerWCF.csproj", "{A2406790-6D62-49D1-AAA3-1D81CEFA3873}"
EndProject
Project("{FAE04EC0-301F-11D3-BF4B-00C04F79EFBC}") = "HauptClient", "..\Xview\HauptClient\HauptClient.csproj", "{317045D0-F0A6-49F9-A940-F440BAE49C76}"
EndProject
Project("{FAE04EC0-301F-11D3-BF4B-00C04F79EFBC}") = "KitaClient", "..\Xview\KitaClient\KitaClient.csproj", "{CFBE11DE-527E-499E-B38B-6D6176A7BCAC}"
EndProject
Project("{FAE04EC0-301F-11D3-BF4B-00C04F79EFBC}") = "KitasClient", "..\Xview\KitasClient\KitasClient.csproj", "{1C3CD00D-F804-4ECA-B93B-3376408A0345}"
EndProject
Project("{FAE04EC0-301F-11D3-BF4B-00C04F79EFBC}") = "Outlook2007Navigator", "..\Xview\Outlook2007Navigator\Outlook2007Navigator.csproj", "{EB8DA48E-9BC4-4E54-8581-3F57CC131D58}"
EndProject
Project("{FAE04EC0-301F-11D3-BF4B-00C04F79EFBC}") = "OutlookDateNavigator", "..\Xview\OutlookDateNavigator\OutlookDateNavigator.csproj", "{49CBA10C-D26E-4A5E-863F-38ECA7F3C0CD}"
EndProject
Project("{FAE04EC0-301F-11D3-BF4B-00C04F79EFBC}") = "qcTools", "..\Xview\qcTools\qcTools.csproj", "{87D769CC-3AD4-4663-AD9A-02AE3EBEB9C7}"
EndProject
Project("{FAE04EC0-301F-11D3-BF4B-00C04F79EFBC}") = "Verbindungstest", "..\Xview\Verbindungstest\Verbindungstest.csproj", "{BD764AD2-36DF-4130-9D3A-76DA2C300A19}"
EndProject
Project("{FAE04EC0-301F-11D3-BF4B-00C04F79EFBC}") = "XViewOra", "..\Xview\XViewOra\XViewOra.csproj", "{C13E7662-3A6F-4407-A166-278B77297EF4}"
EndProject
Project("{FAE04EC0-301F-11D3-BF4B-00C04F79EFBC}") = "osWinDiag", "..\Xview\osWinDiag\osWinDiag.csproj", "{E663B7F0-CFB7-4370-95BB-DC28812A4E2E}"
EndProject
Project("{2150E333-8FDC-42A3-9474-1A3956D46DE8}") = "InstallShield", "InstallShield", "{EECA5B12-196A-492C-9B2B-908B4216E6D6}"
	ProjectSection(SolutionItems) = preProject
		SetupXV26\SetupGI26.ism = SetupXV26\SetupGI26.ism
		SetupXV26\SetupIN26.ism = SetupXV26\SetupIN26.ism
		SetupXV26\SetupKM26.ism = SetupXV26\SetupKM26.ism
		SetupXV26\SetupXV26K.ism = SetupXV26\SetupXV26K.ism
		SetupXV26\SetupXV26K_32.ism = SetupXV26\SetupXV26K_32.ism
		SetupXV26\SetupXV26M.ism = SetupXV26\SetupXV26M.ism
	EndProjectSection
EndProject
Project("{FAE04EC0-301F-11D3-BF4B-00C04F79EFBC}") = "Reporting", "..\Xview\Reporting\Reporting.csproj", "{CB691C19-AA91-4365-9E6F-0945667A3F94}"
EndProject
Project("{FAE04EC0-301F-11D3-BF4B-00C04F79EFBC}") = "BarkasseClient", "..\Xview\BarkasseClient\BarkasseClient.csproj", "{69C1B000-750D-4679-9829-68FAD50F2C67}"
EndProject
Project("{FAE04EC0-301F-11D3-BF4B-00C04F79EFBC}") = "Accounting", "..\Xview\Accounting\Accounting.csproj", "{901D1785-6F2B-4E32-A27A-E6218478F04A}"
EndProject
Global
	GlobalSection(SolutionConfigurationPlatforms) = preSolution
		Debug|Any CPU = Debug|Any CPU
		Debug|x64 = Debug|x64
		Debug|x86 = Debug|x86
		Release|Any CPU = Release|Any CPU
		Release|x64 = Release|x64
		Release|x86 = Release|x86
	EndGlobalSection
	GlobalSection(ProjectConfigurationPlatforms) = postSolution
		{CC51157A-C204-49CA-BEC0-19283CD6CC8D}.Debug|Any CPU.ActiveCfg = Debug|Any CPU
		{CC51157A-C204-49CA-BEC0-19283CD6CC8D}.Debug|Any CPU.Build.0 = Debug|Any CPU
		{CC51157A-C204-49CA-BEC0-19283CD6CC8D}.Debug|x64.ActiveCfg = Debug|x64
		{CC51157A-C204-49CA-BEC0-19283CD6CC8D}.Debug|x64.Build.0 = Debug|x64
		{CC51157A-C204-49CA-BEC0-19283CD6CC8D}.Debug|x86.ActiveCfg = Debug|x86
		{CC51157A-C204-49CA-BEC0-19283CD6CC8D}.Debug|x86.Build.0 = Debug|x86
		{CC51157A-C204-49CA-BEC0-19283CD6CC8D}.Release|Any CPU.ActiveCfg = Release|Any CPU
		{CC51157A-C204-49CA-BEC0-19283CD6CC8D}.Release|Any CPU.Build.0 = Release|Any CPU
		{CC51157A-C204-49CA-BEC0-19283CD6CC8D}.Release|x64.ActiveCfg = Release|x64
		{CC51157A-C204-49CA-BEC0-19283CD6CC8D}.Release|x64.Build.0 = Release|x64
		{CC51157A-C204-49CA-BEC0-19283CD6CC8D}.Release|x86.ActiveCfg = Release|x86
		{CC51157A-C204-49CA-BEC0-19283CD6CC8D}.Release|x86.Build.0 = Release|x86
		{42F95670-B90F-4693-A29D-3247AAC01138}.Debug|Any CPU.ActiveCfg = Debug|Any CPU
		{42F95670-B90F-4693-A29D-3247AAC01138}.Debug|Any CPU.Build.0 = Debug|Any CPU
		{42F95670-B90F-4693-A29D-3247AAC01138}.Debug|x64.ActiveCfg = Debug|x64
		{42F95670-B90F-4693-A29D-3247AAC01138}.Debug|x64.Build.0 = Debug|x64
		{42F95670-B90F-4693-A29D-3247AAC01138}.Debug|x86.ActiveCfg = Debug|x86
		{42F95670-B90F-4693-A29D-3247AAC01138}.Debug|x86.Build.0 = Debug|x86
		{42F95670-B90F-4693-A29D-3247AAC01138}.Release|Any CPU.ActiveCfg = Release|Any CPU
		{42F95670-B90F-4693-A29D-3247AAC01138}.Release|Any CPU.Build.0 = Release|Any CPU
		{42F95670-B90F-4693-A29D-3247AAC01138}.Release|x64.ActiveCfg = Release|x64
		{42F95670-B90F-4693-A29D-3247AAC01138}.Release|x64.Build.0 = Release|x64
		{42F95670-B90F-4693-A29D-3247AAC01138}.Release|x86.ActiveCfg = Release|x86
		{42F95670-B90F-4693-A29D-3247AAC01138}.Release|x86.Build.0 = Release|x86
		{F04EF78A-477E-4AC3-BA84-240B1E7AC5D9}.Debug|Any CPU.ActiveCfg = Debug|Any CPU
		{F04EF78A-477E-4AC3-BA84-240B1E7AC5D9}.Debug|Any CPU.Build.0 = Debug|Any CPU
		{F04EF78A-477E-4AC3-BA84-240B1E7AC5D9}.Debug|x64.ActiveCfg = Debug|x64
		{F04EF78A-477E-4AC3-BA84-240B1E7AC5D9}.Debug|x64.Build.0 = Debug|x64
		{F04EF78A-477E-4AC3-BA84-240B1E7AC5D9}.Debug|x86.ActiveCfg = Debug|x86
		{F04EF78A-477E-4AC3-BA84-240B1E7AC5D9}.Debug|x86.Build.0 = Debug|x86
		{F04EF78A-477E-4AC3-BA84-240B1E7AC5D9}.Release|Any CPU.ActiveCfg = Release|Any CPU
		{F04EF78A-477E-4AC3-BA84-240B1E7AC5D9}.Release|Any CPU.Build.0 = Release|Any CPU
		{F04EF78A-477E-4AC3-BA84-240B1E7AC5D9}.Release|x64.ActiveCfg = Release|x64
		{F04EF78A-477E-4AC3-BA84-240B1E7AC5D9}.Release|x64.Build.0 = Release|x64
		{F04EF78A-477E-4AC3-BA84-240B1E7AC5D9}.Release|x86.ActiveCfg = Release|x86
		{F04EF78A-477E-4AC3-BA84-240B1E7AC5D9}.Release|x86.Build.0 = Release|x86
		{A2406790-6D62-49D1-AAA3-1D81CEFA3873}.Debug|Any CPU.ActiveCfg = Debug|Any CPU
		{A2406790-6D62-49D1-AAA3-1D81CEFA3873}.Debug|Any CPU.Build.0 = Debug|Any CPU
		{A2406790-6D62-49D1-AAA3-1D81CEFA3873}.Debug|x64.ActiveCfg = Debug|x64
		{A2406790-6D62-49D1-AAA3-1D81CEFA3873}.Debug|x64.Build.0 = Debug|x64
		{A2406790-6D62-49D1-AAA3-1D81CEFA3873}.Debug|x86.ActiveCfg = Debug|x86
		{A2406790-6D62-49D1-AAA3-1D81CEFA3873}.Debug|x86.Build.0 = Debug|x86
		{A2406790-6D62-49D1-AAA3-1D81CEFA3873}.Release|Any CPU.ActiveCfg = Release|Any CPU
		{A2406790-6D62-49D1-AAA3-1D81CEFA3873}.Release|Any CPU.Build.0 = Release|Any CPU
		{A2406790-6D62-49D1-AAA3-1D81CEFA3873}.Release|x64.ActiveCfg = Release|x64
		{A2406790-6D62-49D1-AAA3-1D81CEFA3873}.Release|x64.Build.0 = Release|x64
		{A2406790-6D62-49D1-AAA3-1D81CEFA3873}.Release|x86.ActiveCfg = Release|x86
		{A2406790-6D62-49D1-AAA3-1D81CEFA3873}.Release|x86.Build.0 = Release|x86
		{317045D0-F0A6-49F9-A940-F440BAE49C76}.Debug|Any CPU.ActiveCfg = Debug|Any CPU
		{317045D0-F0A6-49F9-A940-F440BAE49C76}.Debug|Any CPU.Build.0 = Debug|Any CPU
		{317045D0-F0A6-49F9-A940-F440BAE49C76}.Debug|x64.ActiveCfg = Debug|x64
		{317045D0-F0A6-49F9-A940-F440BAE49C76}.Debug|x64.Build.0 = Debug|x64
		{317045D0-F0A6-49F9-A940-F440BAE49C76}.Debug|x86.ActiveCfg = Debug|x86
		{317045D0-F0A6-49F9-A940-F440BAE49C76}.Debug|x86.Build.0 = Debug|x86
		{317045D0-F0A6-49F9-A940-F440BAE49C76}.Release|Any CPU.ActiveCfg = Release|Any CPU
		{317045D0-F0A6-49F9-A940-F440BAE49C76}.Release|Any CPU.Build.0 = Release|Any CPU
		{317045D0-F0A6-49F9-A940-F440BAE49C76}.Release|x64.ActiveCfg = Release|x64
		{317045D0-F0A6-49F9-A940-F440BAE49C76}.Release|x64.Build.0 = Release|x64
		{317045D0-F0A6-49F9-A940-F440BAE49C76}.Release|x86.ActiveCfg = Release|x86
		{317045D0-F0A6-49F9-A940-F440BAE49C76}.Release|x86.Build.0 = Release|x86
		{CFBE11DE-527E-499E-B38B-6D6176A7BCAC}.Debug|Any CPU.ActiveCfg = Debug|Any CPU
		{CFBE11DE-527E-499E-B38B-6D6176A7BCAC}.Debug|Any CPU.Build.0 = Debug|Any CPU
		{CFBE11DE-527E-499E-B38B-6D6176A7BCAC}.Debug|x64.ActiveCfg = Debug|x64
		{CFBE11DE-527E-499E-B38B-6D6176A7BCAC}.Debug|x64.Build.0 = Debug|x64
		{CFBE11DE-527E-499E-B38B-6D6176A7BCAC}.Debug|x86.ActiveCfg = Debug|x86
		{CFBE11DE-527E-499E-B38B-6D6176A7BCAC}.Debug|x86.Build.0 = Debug|x86
		{CFBE11DE-527E-499E-B38B-6D6176A7BCAC}.Release|Any CPU.ActiveCfg = Release|Any CPU
		{CFBE11DE-527E-499E-B38B-6D6176A7BCAC}.Release|Any CPU.Build.0 = Release|Any CPU
		{CFBE11DE-527E-499E-B38B-6D6176A7BCAC}.Release|x64.ActiveCfg = Release|x64
		{CFBE11DE-527E-499E-B38B-6D6176A7BCAC}.Release|x64.Build.0 = Release|x64
		{CFBE11DE-527E-499E-B38B-6D6176A7BCAC}.Release|x86.ActiveCfg = Release|x86
		{CFBE11DE-527E-499E-B38B-6D6176A7BCAC}.Release|x86.Build.0 = Release|x86
		{1C3CD00D-F804-4ECA-B93B-3376408A0345}.Debug|Any CPU.ActiveCfg = Debug|Any CPU
		{1C3CD00D-F804-4ECA-B93B-3376408A0345}.Debug|Any CPU.Build.0 = Debug|Any CPU
		{1C3CD00D-F804-4ECA-B93B-3376408A0345}.Debug|x64.ActiveCfg = Debug|x64
		{1C3CD00D-F804-4ECA-B93B-3376408A0345}.Debug|x64.Build.0 = Debug|x64
		{1C3CD00D-F804-4ECA-B93B-3376408A0345}.Debug|x86.ActiveCfg = Debug|x86
		{1C3CD00D-F804-4ECA-B93B-3376408A0345}.Debug|x86.Build.0 = Debug|x86
		{1C3CD00D-F804-4ECA-B93B-3376408A0345}.Release|Any CPU.ActiveCfg = Release|Any CPU
		{1C3CD00D-F804-4ECA-B93B-3376408A0345}.Release|Any CPU.Build.0 = Release|Any CPU
		{1C3CD00D-F804-4ECA-B93B-3376408A0345}.Release|x64.ActiveCfg = Release|x64
		{1C3CD00D-F804-4ECA-B93B-3376408A0345}.Release|x64.Build.0 = Release|x64
		{1C3CD00D-F804-4ECA-B93B-3376408A0345}.Release|x86.ActiveCfg = Release|x86
		{1C3CD00D-F804-4ECA-B93B-3376408A0345}.Release|x86.Build.0 = Release|x86
		{EB8DA48E-9BC4-4E54-8581-3F57CC131D58}.Debug|Any CPU.ActiveCfg = Debug|Any CPU
		{EB8DA48E-9BC4-4E54-8581-3F57CC131D58}.Debug|Any CPU.Build.0 = Debug|Any CPU
		{EB8DA48E-9BC4-4E54-8581-3F57CC131D58}.Debug|x64.ActiveCfg = Debug|x64
		{EB8DA48E-9BC4-4E54-8581-3F57CC131D58}.Debug|x64.Build.0 = Debug|x64
		{EB8DA48E-9BC4-4E54-8581-3F57CC131D58}.Debug|x86.ActiveCfg = Debug|x86
		{EB8DA48E-9BC4-4E54-8581-3F57CC131D58}.Debug|x86.Build.0 = Debug|x86
		{EB8DA48E-9BC4-4E54-8581-3F57CC131D58}.Release|Any CPU.ActiveCfg = Release|Any CPU
		{EB8DA48E-9BC4-4E54-8581-3F57CC131D58}.Release|Any CPU.Build.0 = Release|Any CPU
		{EB8DA48E-9BC4-4E54-8581-3F57CC131D58}.Release|x64.ActiveCfg = Release|x64
		{EB8DA48E-9BC4-4E54-8581-3F57CC131D58}.Release|x64.Build.0 = Release|x64
		{EB8DA48E-9BC4-4E54-8581-3F57CC131D58}.Release|x86.ActiveCfg = Release|x86
		{EB8DA48E-9BC4-4E54-8581-3F57CC131D58}.Release|x86.Build.0 = Release|x86
		{49CBA10C-D26E-4A5E-863F-38ECA7F3C0CD}.Debug|Any CPU.ActiveCfg = Debug|Any CPU
		{49CBA10C-D26E-4A5E-863F-38ECA7F3C0CD}.Debug|Any CPU.Build.0 = Debug|Any CPU
		{49CBA10C-D26E-4A5E-863F-38ECA7F3C0CD}.Debug|x64.ActiveCfg = Debug|x64
		{49CBA10C-D26E-4A5E-863F-38ECA7F3C0CD}.Debug|x64.Build.0 = Debug|x64
		{49CBA10C-D26E-4A5E-863F-38ECA7F3C0CD}.Debug|x86.ActiveCfg = Debug|x86
		{49CBA10C-D26E-4A5E-863F-38ECA7F3C0CD}.Debug|x86.Build.0 = Debug|x86
		{49CBA10C-D26E-4A5E-863F-38ECA7F3C0CD}.Release|Any CPU.ActiveCfg = Release|Any CPU
		{49CBA10C-D26E-4A5E-863F-38ECA7F3C0CD}.Release|Any CPU.Build.0 = Release|Any CPU
		{49CBA10C-D26E-4A5E-863F-38ECA7F3C0CD}.Release|x64.ActiveCfg = Release|x64
		{49CBA10C-D26E-4A5E-863F-38ECA7F3C0CD}.Release|x64.Build.0 = Release|x64
		{49CBA10C-D26E-4A5E-863F-38ECA7F3C0CD}.Release|x86.ActiveCfg = Release|x86
		{49CBA10C-D26E-4A5E-863F-38ECA7F3C0CD}.Release|x86.Build.0 = Release|x86
		{87D769CC-3AD4-4663-AD9A-02AE3EBEB9C7}.Debug|Any CPU.ActiveCfg = Debug|Any CPU
		{87D769CC-3AD4-4663-AD9A-02AE3EBEB9C7}.Debug|Any CPU.Build.0 = Debug|Any CPU
		{87D769CC-3AD4-4663-AD9A-02AE3EBEB9C7}.Debug|x64.ActiveCfg = Debug|x64
		{87D769CC-3AD4-4663-AD9A-02AE3EBEB9C7}.Debug|x64.Build.0 = Debug|x64
		{87D769CC-3AD4-4663-AD9A-02AE3EBEB9C7}.Debug|x86.ActiveCfg = Debug|x86
		{87D769CC-3AD4-4663-AD9A-02AE3EBEB9C7}.Debug|x86.Build.0 = Debug|x86
		{87D769CC-3AD4-4663-AD9A-02AE3EBEB9C7}.Release|Any CPU.ActiveCfg = Release|Any CPU
		{87D769CC-3AD4-4663-AD9A-02AE3EBEB9C7}.Release|Any CPU.Build.0 = Release|Any CPU
		{87D769CC-3AD4-4663-AD9A-02AE3EBEB9C7}.Release|x64.ActiveCfg = Release|x64
		{87D769CC-3AD4-4663-AD9A-02AE3EBEB9C7}.Release|x64.Build.0 = Release|x64
		{87D769CC-3AD4-4663-AD9A-02AE3EBEB9C7}.Release|x86.ActiveCfg = Release|x86
		{87D769CC-3AD4-4663-AD9A-02AE3EBEB9C7}.Release|x86.Build.0 = Release|x86
		{BD764AD2-36DF-4130-9D3A-76DA2C300A19}.Debug|Any CPU.ActiveCfg = Debug|Any CPU
		{BD764AD2-36DF-4130-9D3A-76DA2C300A19}.Debug|Any CPU.Build.0 = Debug|Any CPU
		{BD764AD2-36DF-4130-9D3A-76DA2C300A19}.Debug|x64.ActiveCfg = Debug|x64
		{BD764AD2-36DF-4130-9D3A-76DA2C300A19}.Debug|x64.Build.0 = Debug|x64
		{BD764AD2-36DF-4130-9D3A-76DA2C300A19}.Debug|x86.ActiveCfg = Debug|x86
		{BD764AD2-36DF-4130-9D3A-76DA2C300A19}.Debug|x86.Build.0 = Debug|x86
		{BD764AD2-36DF-4130-9D3A-76DA2C300A19}.Release|Any CPU.ActiveCfg = Release|Any CPU
		{BD764AD2-36DF-4130-9D3A-76DA2C300A19}.Release|Any CPU.Build.0 = Release|Any CPU
		{BD764AD2-36DF-4130-9D3A-76DA2C300A19}.Release|x64.ActiveCfg = Release|x64
		{BD764AD2-36DF-4130-9D3A-76DA2C300A19}.Release|x64.Build.0 = Release|x64
		{BD764AD2-36DF-4130-9D3A-76DA2C300A19}.Release|x86.ActiveCfg = Release|x86
		{BD764AD2-36DF-4130-9D3A-76DA2C300A19}.Release|x86.Build.0 = Release|x86
		{C13E7662-3A6F-4407-A166-278B77297EF4}.Debug|Any CPU.ActiveCfg = Debug|Any CPU
		{C13E7662-3A6F-4407-A166-278B77297EF4}.Debug|Any CPU.Build.0 = Debug|Any CPU
		{C13E7662-3A6F-4407-A166-278B77297EF4}.Debug|x64.ActiveCfg = Debug|x64
		{C13E7662-3A6F-4407-A166-278B77297EF4}.Debug|x64.Build.0 = Debug|x64
		{C13E7662-3A6F-4407-A166-278B77297EF4}.Debug|x86.ActiveCfg = Debug|x86
		{C13E7662-3A6F-4407-A166-278B77297EF4}.Debug|x86.Build.0 = Debug|x86
		{C13E7662-3A6F-4407-A166-278B77297EF4}.Release|Any CPU.ActiveCfg = Release|Any CPU
		{C13E7662-3A6F-4407-A166-278B77297EF4}.Release|Any CPU.Build.0 = Release|Any CPU
		{C13E7662-3A6F-4407-A166-278B77297EF4}.Release|x64.ActiveCfg = Release|x64
		{C13E7662-3A6F-4407-A166-278B77297EF4}.Release|x64.Build.0 = Release|x64
		{C13E7662-3A6F-4407-A166-278B77297EF4}.Release|x86.ActiveCfg = Release|x86
		{C13E7662-3A6F-4407-A166-278B77297EF4}.Release|x86.Build.0 = Release|x86
		{E663B7F0-CFB7-4370-95BB-DC28812A4E2E}.Debug|Any CPU.ActiveCfg = Debug|Any CPU
		{E663B7F0-CFB7-4370-95BB-DC28812A4E2E}.Debug|Any CPU.Build.0 = Debug|Any CPU
		{E663B7F0-CFB7-4370-95BB-DC28812A4E2E}.Debug|x64.ActiveCfg = Debug|x64
		{E663B7F0-CFB7-4370-95BB-DC28812A4E2E}.Debug|x64.Build.0 = Debug|x64
		{E663B7F0-CFB7-4370-95BB-DC28812A4E2E}.Debug|x86.ActiveCfg = Debug|x86
		{E663B7F0-CFB7-4370-95BB-DC28812A4E2E}.Debug|x86.Build.0 = Debug|x86
		{E663B7F0-CFB7-4370-95BB-DC28812A4E2E}.Release|Any CPU.ActiveCfg = Release|Any CPU
		{E663B7F0-CFB7-4370-95BB-DC28812A4E2E}.Release|Any CPU.Build.0 = Release|Any CPU
		{E663B7F0-CFB7-4370-95BB-DC28812A4E2E}.Release|x64.ActiveCfg = Release|x64
		{E663B7F0-CFB7-4370-95BB-DC28812A4E2E}.Release|x64.Build.0 = Release|x64
		{E663B7F0-CFB7-4370-95BB-DC28812A4E2E}.Release|x86.ActiveCfg = Release|x86
		{E663B7F0-CFB7-4370-95BB-DC28812A4E2E}.Release|x86.Build.0 = Release|x86
		{CB691C19-AA91-4365-9E6F-0945667A3F94}.Debug|Any CPU.ActiveCfg = Debug|Any CPU
		{CB691C19-AA91-4365-9E6F-0945667A3F94}.Debug|Any CPU.Build.0 = Debug|Any CPU
		{CB691C19-AA91-4365-9E6F-0945667A3F94}.Debug|x64.ActiveCfg = Debug|x64
		{CB691C19-AA91-4365-9E6F-0945667A3F94}.Debug|x64.Build.0 = Debug|x64
		{CB691C19-AA91-4365-9E6F-0945667A3F94}.Debug|x86.ActiveCfg = Debug|x86
		{CB691C19-AA91-4365-9E6F-0945667A3F94}.Debug|x86.Build.0 = Debug|x86
		{CB691C19-AA91-4365-9E6F-0945667A3F94}.Release|Any CPU.ActiveCfg = Release|Any CPU
		{CB691C19-AA91-4365-9E6F-0945667A3F94}.Release|Any CPU.Build.0 = Release|Any CPU
		{CB691C19-AA91-4365-9E6F-0945667A3F94}.Release|x64.ActiveCfg = Release|x64
		{CB691C19-AA91-4365-9E6F-0945667A3F94}.Release|x64.Build.0 = Release|x64
		{CB691C19-AA91-4365-9E6F-0945667A3F94}.Release|x86.ActiveCfg = Release|x86
		{CB691C19-AA91-4365-9E6F-0945667A3F94}.Release|x86.Build.0 = Release|x86
		{69C1B000-750D-4679-9829-68FAD50F2C67}.Debug|Any CPU.ActiveCfg = Debug|Any CPU
		{69C1B000-750D-4679-9829-68FAD50F2C67}.Debug|Any CPU.Build.0 = Debug|Any CPU
		{69C1B000-750D-4679-9829-68FAD50F2C67}.Debug|x64.ActiveCfg = Debug|x64
		{69C1B000-750D-4679-9829-68FAD50F2C67}.Debug|x64.Build.0 = Debug|x64
		{69C1B000-750D-4679-9829-68FAD50F2C67}.Debug|x86.ActiveCfg = Debug|x86
		{69C1B000-750D-4679-9829-68FAD50F2C67}.Debug|x86.Build.0 = Debug|x86
		{69C1B000-750D-4679-9829-68FAD50F2C67}.Release|Any CPU.ActiveCfg = Release|Any CPU
		{69C1B000-750D-4679-9829-68FAD50F2C67}.Release|Any CPU.Build.0 = Release|Any CPU
		{69C1B000-750D-4679-9829-68FAD50F2C67}.Release|x64.ActiveCfg = Release|x64
		{69C1B000-750D-4679-9829-68FAD50F2C67}.Release|x64.Build.0 = Release|x64
		{69C1B000-750D-4679-9829-68FAD50F2C67}.Release|x86.ActiveCfg = Release|x86
		{69C1B000-750D-4679-9829-68FAD50F2C67}.Release|x86.Build.0 = Release|x86
		{901D1785-6F2B-4E32-A27A-E6218478F04A}.Debug|Any CPU.ActiveCfg = Debug|Any CPU
		{901D1785-6F2B-4E32-A27A-E6218478F04A}.Debug|Any CPU.Build.0 = Debug|Any CPU
		{901D1785-6F2B-4E32-A27A-E6218478F04A}.Debug|x64.ActiveCfg = Debug|Any CPU
		{901D1785-6F2B-4E32-A27A-E6218478F04A}.Debug|x64.Build.0 = Debug|Any CPU
		{901D1785-6F2B-4E32-A27A-E6218478F04A}.Debug|x86.ActiveCfg = Debug|x86
		{901D1785-6F2B-4E32-A27A-E6218478F04A}.Debug|x86.Build.0 = Debug|x86
		{901D1785-6F2B-4E32-A27A-E6218478F04A}.Release|Any CPU.ActiveCfg = Release|Any CPU
		{901D1785-6F2B-4E32-A27A-E6218478F04A}.Release|Any CPU.Build.0 = Release|Any CPU
		{901D1785-6F2B-4E32-A27A-E6218478F04A}.Release|x64.ActiveCfg = Release|x64
		{901D1785-6F2B-4E32-A27A-E6218478F04A}.Release|x64.Build.0 = Release|x64
		{901D1785-6F2B-4E32-A27A-E6218478F04A}.Release|x86.ActiveCfg = Release|x86
		{901D1785-6F2B-4E32-A27A-E6218478F04A}.Release|x86.Build.0 = Release|x86
	EndGlobalSection
	GlobalSection(SolutionProperties) = preSolution
		HideSolutionNode = FALSE
	EndGlobalSection
	GlobalSection(ExtensibilityGlobals) = postSolution
		SolutionGuid = {106ECF48-DACF-4CD2-93E7-3C63C8F06A8D}
	EndGlobalSection
EndGlobal
